// !$*UTF8*$!
{
	archiveVersion = 1;
	classes = {
	};
	objectVersion = 50;
	objects = {

/* Begin PBXBuildFile section */
		3F6940C3219586F800750526 /* AppDelegate.swift in Sources */ = {isa = PBXBuildFile; fileRef = 3F6940C2219586F800750526 /* AppDelegate.swift */; };
		3F6940C5219586F800750526 /* ViewController.swift in Sources */ = {isa = PBXBuildFile; fileRef = 3F6940C4219586F800750526 /* ViewController.swift */; };
		3F6940C8219586F800750526 /* Main.storyboard in Resources */ = {isa = PBXBuildFile; fileRef = 3F6940C6219586F800750526 /* Main.storyboard */; };
		3F6940CA219586FA00750526 /* Assets.xcassets in Resources */ = {isa = PBXBuildFile; fileRef = 3F6940C9219586FA00750526 /* Assets.xcassets */; };
		3F6940CD219586FA00750526 /* LaunchScreen.storyboard in Resources */ = {isa = PBXBuildFile; fileRef = 3F6940CB219586FA00750526 /* LaunchScreen.storyboard */; };
		3F6940D8219586FB00750526 /* JSONTests.swift in Sources */ = {isa = PBXBuildFile; fileRef = 3F6940D7219586FB00750526 /* JSONTests.swift */; };
		3F6940E3219586FB00750526 /* JSONUITests.swift in Sources */ = {isa = PBXBuildFile; fileRef = 3F6940E2219586FB00750526 /* JSONUITests.swift */; };
/* End PBXBuildFile section */

/* Begin PBXContainerItemProxy section */
		3F6940D4219586FB00750526 /* PBXContainerItemProxy */ = {
			isa = PBXContainerItemProxy;
			containerPortal = 3F6940B7219586F800750526 /* Project object */;
			proxyType = 1;
			remoteGlobalIDString = 3F6940BE219586F800750526;
			remoteInfo = JSON;
		};
		3F6940DF219586FB00750526 /* PBXContainerItemProxy */ = {
			isa = PBXContainerItemProxy;
			containerPortal = 3F6940B7219586F800750526 /* Project object */;
			proxyType = 1;
			remoteGlobalIDString = 3F6940BE219586F800750526;
			remoteInfo = JSON;
		};
/* End PBXContainerItemProxy section */

/* Begin PBXFileReference section */
		3F6940BF219586F800750526 /* JSON.app */ = {isa = PBXFileReference; explicitFileType = wrapper.application; includeInIndex = 0; path = JSON.app; sourceTree = BUILT_PRODUCTS_DIR; };
		3F6940C2219586F800750526 /* AppDelegate.swift */ = {isa = PBXFileReference; lastKnownFileType = sourcecode.swift; path = AppDelegate.swift; sourceTree = "<group>"; };
		3F6940C4219586F800750526 /* ViewController.swift */ = {isa = PBXFileReference; lastKnownFileType = sourcecode.swift; path = ViewController.swift; sourceTree = "<group>"; };
		3F6940C7219586F800750526 /* Base */ = {isa = PBXFileReference; lastKnownFileType = file.storyboard; name = Base; path = Base.lproj/Main.storyboard; sourceTree = "<group>"; };
		3F6940C9219586FA00750526 /* Assets.xcassets */ = {isa = PBXFileReference; lastKnownFileType = folder.assetcatalog; path = Assets.xcassets; sourceTree = "<group>"; };
		3F6940CC219586FA00750526 /* Base */ = {isa = PBXFileReference; lastKnownFileType = file.storyboard; name = Base; path = Base.lproj/LaunchScreen.storyboard; sourceTree = "<group>"; };
		3F6940CE219586FA00750526 /* Info.plist */ = {isa = PBXFileReference; lastKnownFileType = text.plist.xml; path = Info.plist; sourceTree = "<group>"; };
		3F6940D3219586FB00750526 /* JSONTests.xctest */ = {isa = PBXFileReference; explicitFileType = wrapper.cfbundle; includeInIndex = 0; path = JSONTests.xctest; sourceTree = BUILT_PRODUCTS_DIR; };
		3F6940D7219586FB00750526 /* JSONTests.swift */ = {isa = PBXFileReference; lastKnownFileType = sourcecode.swift; path = JSONTests.swift; sourceTree = "<group>"; };
		3F6940D9219586FB00750526 /* Info.plist */ = {isa = PBXFileReference; lastKnownFileType = text.plist.xml; path = Info.plist; sourceTree = "<group>"; };
		3F6940DE219586FB00750526 /* JSONUITests.xctest */ = {isa = PBXFileReference; explicitFileType = wrapper.cfbundle; includeInIndex = 0; path = JSONUITests.xctest; sourceTree = BUILT_PRODUCTS_DIR; };
		3F6940E2219586FB00750526 /* JSONUITests.swift */ = {isa = PBXFileReference; lastKnownFileType = sourcecode.swift; path = JSONUITests.swift; sourceTree = "<group>"; };
		3F6940E4219586FB00750526 /* Info.plist */ = {isa = PBXFileReference; lastKnownFileType = text.plist.xml; path = Info.plist; sourceTree = "<group>"; };
/* End PBXFileReference section */

/* Begin PBXFrameworksBuildPhase section */
		3F6940BC219586F800750526 /* Frameworks */ = {
			isa = PBXFrameworksBuildPhase;
			buildActionMask = 2147483647;
			files = (
			);
			runOnlyForDeploymentPostprocessing = 0;
		};
		3F6940D0219586FB00750526 /* Frameworks */ = {
			isa = PBXFrameworksBuildPhase;
			buildActionMask = 2147483647;
			files = (
			);
			runOnlyForDeploymentPostprocessing = 0;
		};
		3F6940DB219586FB00750526 /* Frameworks */ = {
			isa = PBXFrameworksBuildPhase;
			buildActionMask = 2147483647;
			files = (
			);
			runOnlyForDeploymentPostprocessing = 0;
		};
/* End PBXFrameworksBuildPhase section */

/* Begin PBXGroup section */
		3F6940B6219586F800750526 = {
			isa = PBXGroup;
			children = (
				3F6940C1219586F800750526 /* JSON */,
				3F6940D6219586FB00750526 /* JSONTests */,
				3F6940E1219586FB00750526 /* JSONUITests */,
				3F6940C0219586F800750526 /* Products */,
			);
			sourceTree = "<group>";
		};
		3F6940C0219586F800750526 /* Products */ = {
			isa = PBXGroup;
			children = (
				3F6940BF219586F800750526 /* JSON.app */,
				3F6940D3219586FB00750526 /* JSONTests.xctest */,
				3F6940DE219586FB00750526 /* JSONUITests.xctest */,
			);
			name = Products;
			sourceTree = "<group>";
		};
		3F6940C1219586F800750526 /* JSON */ = {
			isa = PBXGroup;
			children = (
				3F6940C2219586F800750526 /* AppDelegate.swift */,
				3F6940C4219586F800750526 /* ViewController.swift */,
				3F6940C6219586F800750526 /* Main.storyboard */,
				3F6940C9219586FA00750526 /* Assets.xcassets */,
				3F6940CB219586FA00750526 /* LaunchScreen.storyboard */,
				3F6940CE219586FA00750526 /* Info.plist */,
			);
			path = JSON;
			sourceTree = "<group>";
		};
		3F6940D6219586FB00750526 /* JSONTests */ = {
			isa = PBXGroup;
			children = (
				3F6940D7219586FB00750526 /* JSONTests.swift */,
				3F6940D9219586FB00750526 /* Info.plist */,
			);
			path = JSONTests;
			sourceTree = "<group>";
		};
		3F6940E1219586FB00750526 /* JSONUITests */ = {
			isa = PBXGroup;
			children = (
				3F6940E2219586FB00750526 /* JSONUITests.swift */,
				3F6940E4219586FB00750526 /* Info.plist */,
			);
			path = JSONUITests;
			sourceTree = "<group>";
		};
/* End PBXGroup section */

/* Begin PBXNativeTarget section */
		3F6940BE219586F800750526 /* JSON */ = {
			isa = PBXNativeTarget;
			buildConfigurationList = 3F6940E7219586FB00750526 /* Build configuration list for PBXNativeTarget "JSON" */;
			buildPhases = (
				3F6940BB219586F800750526 /* Sources */,
				3F6940BC219586F800750526 /* Frameworks */,
				3F6940BD219586F800750526 /* Resources */,
			);
			buildRules = (
			);
			dependencies = (
			);
			name = JSON;
			productName = JSON;
			productReference = 3F6940BF219586F800750526 /* JSON.app */;
			productType = "com.apple.product-type.application";
		};
		3F6940D2219586FB00750526 /* JSONTests */ = {
			isa = PBXNativeTarget;
			buildConfigurationList = 3F6940EA219586FB00750526 /* Build configuration list for PBXNativeTarget "JSONTests" */;
			buildPhases = (
				3F6940CF219586FB00750526 /* Sources */,
				3F6940D0219586FB00750526 /* Frameworks */,
				3F6940D1219586FB00750526 /* Resources */,
			);
			buildRules = (
			);
			dependencies = (
				3F6940D5219586FB00750526 /* PBXTargetDependency */,
			);
			name = JSONTests;
			productName = JSONTests;
			productReference = 3F6940D3219586FB00750526 /* JSONTests.xctest */;
			productType = "com.apple.product-type.bundle.unit-test";
		};
		3F6940DD219586FB00750526 /* JSONUITests */ = {
			isa = PBXNativeTarget;
			buildConfigurationList = 3F6940ED219586FB00750526 /* Build configuration list for PBXNativeTarget "JSONUITests" */;
			buildPhases = (
				3F6940DA219586FB00750526 /* Sources */,
				3F6940DB219586FB00750526 /* Frameworks */,
				3F6940DC219586FB00750526 /* Resources */,
			);
			buildRules = (
			);
			dependencies = (
				3F6940E0219586FB00750526 /* PBXTargetDependency */,
			);
			name = JSONUITests;
			productName = JSONUITests;
			productReference = 3F6940DE219586FB00750526 /* JSONUITests.xctest */;
			productType = "com.apple.product-type.bundle.ui-testing";
		};
/* End PBXNativeTarget section */

/* Begin PBXProject section */
		3F6940B7219586F800750526 /* Project object */ = {
			isa = PBXProject;
			attributes = {
				LastSwiftUpdateCheck = 1010;
				LastUpgradeCheck = 1010;
				ORGANIZATIONNAME = Student;
				TargetAttributes = {
					3F6940BE219586F800750526 = {
						CreatedOnToolsVersion = 10.1;
					};
					3F6940D2219586FB00750526 = {
						CreatedOnToolsVersion = 10.1;
						TestTargetID = 3F6940BE219586F800750526;
					};
					3F6940DD219586FB00750526 = {
						CreatedOnToolsVersion = 10.1;
						TestTargetID = 3F6940BE219586F800750526;
					};
				};
			};
			buildConfigurationList = 3F6940BA219586F800750526 /* Build configuration list for PBXProject "JSON" */;
			compatibilityVersion = "Xcode 9.3";
			developmentRegion = en;
			hasScannedForEncodings = 0;
			knownRegions = (
				en,
				Base,
			);
			mainGroup = 3F6940B6219586F800750526;
			productRefGroup = 3F6940C0219586F800750526 /* Products */;
			projectDirPath = "";
			projectRoot = "";
			targets = (
				3F6940BE219586F800750526 /* JSON */,
				3F6940D2219586FB00750526 /* JSONTests */,
				3F6940DD219586FB00750526 /* JSONUITests */,
			);
		};
/* End PBXProject section */

/* Begin PBXResourcesBuildPhase section */
		3F6940BD219586F800750526 /* Resources */ = {
			isa = PBXResourcesBuildPhase;
			buildActionMask = 2147483647;
			files = (
				3F6940CD219586FA00750526 /* LaunchScreen.storyboard in Resources */,
				3F6940CA219586FA00750526 /* Assets.xcassets in Resources */,
				3F6940C8219586F800750526 /* Main.storyboard in Resources */,
			);
			runOnlyForDeploymentPostprocessing = 0;
		};
		3F6940D1219586FB00750526 /* Resources */ = {
			isa = PBXResourcesBuildPhase;
			buildActionMask = 2147483647;
			files = (
			);
			runOnlyForDeploymentPostprocessing = 0;
		};
		3F6940DC219586FB00750526 /* Resources */ = {
			isa = PBXResourcesBuildPhase;
			buildActionMask = 2147483647;
			files = (
			);
			runOnlyForDeploymentPostprocessing = 0;
		};
/* End PBXResourcesBuildPhase section */

/* Begin PBXSourcesBuildPhase section */
		3F6940BB219586F800750526 /* Sources */ = {
			isa = PBXSourcesBuildPhase;
			buildActionMask = 2147483647;
			files = (
				3F6940C5219586F800750526 /* ViewController.swift in Sources */,
				3F6940C3219586F800750526 /* AppDelegate.swift in Sources */,
			);
			runOnlyForDeploymentPostprocessing = 0;
		};
		3F6940CF219586FB00750526 /* Sources */ = {
			isa = PBXSourcesBuildPhase;
			buildActionMask = 2147483647;
			files = (
				3F6940D8219586FB00750526 /* JSONTests.swift in Sources */,
			);
			runOnlyForDeploymentPostprocessing = 0;
		};
		3F6940DA219586FB00750526 /* Sources */ = {
			isa = PBXSourcesBuildPhase;
			buildActionMask = 2147483647;
			files = (
				3F6940E3219586FB00750526 /* JSONUITests.swift in Sources */,
			);
			runOnlyForDeploymentPostprocessing = 0;
		};
/* End PBXSourcesBuildPhase section */

/* Begin PBXTargetDependency section */
		3F6940D5219586FB00750526 /* PBXTargetDependency */ = {
			isa = PBXTargetDependency;
			target = 3F6940BE219586F800750526 /* JSON */;
			targetProxy = 3F6940D4219586FB00750526 /* PBXContainerItemProxy */;
		};
		3F6940E0219586FB00750526 /* PBXTargetDependency */ = {
			isa = PBXTargetDependency;
			target = 3F6940BE219586F800750526 /* JSON */;
			targetProxy = 3F6940DF219586FB00750526 /* PBXContainerItemProxy */;
		};
/* End PBXTargetDependency section */

/* Begin PBXVariantGroup section */
		3F6940C6219586F800750526 /* Main.storyboard */ = {
			isa = PBXVariantGroup;
			children = (
				3F6940C7219586F800750526 /* Base */,
			);
			name = Main.storyboard;
			sourceTree = "<group>";
		};
		3F6940CB219586FA00750526 /* LaunchScreen.storyboard */ = {
			isa = PBXVariantGroup;
			children = (
				3F6940CC219586FA00750526 /* Base */,
			);
			name = LaunchScreen.storyboard;
			sourceTree = "<group>";
		};
/* End PBXVariantGroup section */

/* Begin XCBuildConfiguration section */
		3F6940E5219586FB00750526 /* Debug */ = {
			isa = XCBuildConfiguration;
			buildSettings = {
				ALWAYS_SEARCH_USER_PATHS = NO;
				CLANG_ANALYZER_NONNULL = YES;
				CLANG_ANALYZER_NUMBER_OBJECT_CONVERSION = YES_AGGRESSIVE;
				CLANG_CXX_LANGUAGE_STANDARD = "gnu++14";
				CLANG_CXX_LIBRARY = "libc++";
				CLANG_ENABLE_MODULES = YES;
				CLANG_ENABLE_OBJC_ARC = YES;
				CLANG_ENABLE_OBJC_WEAK = YES;
				CLANG_WARN_BLOCK_CAPTURE_AUTORELEASING = YES;
				CLANG_WARN_BOOL_CONVERSION = YES;
				CLANG_WARN_COMMA = YES;
				CLANG_WARN_CONSTANT_CONVERSION = YES;
				CLANG_WARN_DEPRECATED_OBJC_IMPLEMENTATIONS = YES;
				CLANG_WARN_DIRECT_OBJC_ISA_USAGE = YES_ERROR;
				CLANG_WARN_DOCUMENTATION_COMMENTS = YES;
				CLANG_WARN_EMPTY_BODY = YES;
				CLANG_WARN_ENUM_CONVERSION = YES;
				CLANG_WARN_INFINITE_RECURSION = YES;
				CLANG_WARN_INT_CONVERSION = YES;
				CLANG_WARN_NON_LITERAL_NULL_CONVERSION = YES;
				CLANG_WARN_OBJC_IMPLICIT_RETAIN_SELF = YES;
				CLANG_WARN_OBJC_LITERAL_CONVERSION = YES;
				CLANG_WARN_OBJC_ROOT_CLASS = YES_ERROR;
				CLANG_WARN_RANGE_LOOP_ANALYSIS = YES;
				CLANG_WARN_STRICT_PROTOTYPES = YES;
				CLANG_WARN_SUSPICIOUS_MOVE = YES;
				CLANG_WARN_UNGUARDED_AVAILABILITY = YES_AGGRESSIVE;
				CLANG_WARN_UNREACHABLE_CODE = YES;
				CLANG_WARN__DUPLICATE_METHOD_MATCH = YES;
				CODE_SIGN_IDENTITY = "iPhone Developer";
				COPY_PHASE_STRIP = NO;
				DEBUG_INFORMATION_FORMAT = dwarf;
				ENABLE_STRICT_OBJC_MSGSEND = YES;
				ENABLE_TESTABILITY = YES;
				GCC_C_LANGUAGE_STANDARD = gnu11;
				GCC_DYNAMIC_NO_PIC = NO;
				GCC_NO_COMMON_BLOCKS = YES;
				GCC_OPTIMIZATION_LEVEL = 0;
				GCC_PREPROCESSOR_DEFINITIONS = (
					"DEBUG=1",
					"$(inherited)",
				);
				GCC_WARN_64_TO_32_BIT_CONVERSION = YES;
				GCC_WARN_ABOUT_RETURN_TYPE = YES_ERROR;
				GCC_WARN_UNDECLARED_SELECTOR = YES;
				GCC_WARN_UNINITIALIZED_AUTOS = YES_AGGRESSIVE;
				GCC_WARN_UNUSED_FUNCTION = YES;
				GCC_WARN_UNUSED_VARIABLE = YES;
				IPHONEOS_DEPLOYMENT_TARGET = 12.1;
				MTL_ENABLE_DEBUG_INFO = INCLUDE_SOURCE;
				MTL_FAST_MATH = YES;
				ONLY_ACTIVE_ARCH = YES;
				SDKROOT = iphoneos;
				SWIFT_ACTIVE_COMPILATION_CONDITIONS = DEBUG;
				SWIFT_OPTIMIZATION_LEVEL = "-Onone";
			};
			name = Debug;
		};
		3F6940E6219586FB00750526 /* Release */ = {
			isa = XCBuildConfiguration;
			buildSettings = {
				ALWAYS_SEARCH_USER_PATHS = NO;
				CLANG_ANALYZER_NONNULL = YES;
				CLANG_ANALYZER_NUMBER_OBJECT_CONVERSION = YES_AGGRESSIVE;
				CLANG_CXX_LANGUAGE_STANDARD = "gnu++14";
				CLANG_CXX_LIBRARY = "libc++";
				CLANG_ENABLE_MODULES = YES;
				CLANG_ENABLE_OBJC_ARC = YES;
				CLANG_ENABLE_OBJC_WEAK = YES;
				CLANG_WARN_BLOCK_CAPTURE_AUTORELEASING = YES;
				CLANG_WARN_BOOL_CONVERSION = YES;
				CLANG_WARN_COMMA = YES;
				CLANG_WARN_CONSTANT_CONVERSION = YES;
				CLANG_WARN_DEPRECATED_OBJC_IMPLEMENTATIONS = YES;
				CLANG_WARN_DIRECT_OBJC_ISA_USAGE = YES_ERROR;
				CLANG_WARN_DOCUMENTATION_COMMENTS = YES;
				CLANG_WARN_EMPTY_BODY = YES;
				CLANG_WARN_ENUM_CONVERSION = YES;
				CLANG_WARN_INFINITE_RECURSION = YES;
				CLANG_WARN_INT_CONVERSION = YES;
				CLANG_WARN_NON_LITERAL_NULL_CONVERSION = YES;
				CLANG_WARN_OBJC_IMPLICIT_RETAIN_SELF = YES;
				CLANG_WARN_OBJC_LITERAL_CONVERSION = YES;
				CLANG_WARN_OBJC_ROOT_CLASS = YES_ERROR;
				CLANG_WARN_RANGE_LOOP_ANALYSIS = YES;
				CLANG_WARN_STRICT_PROTOTYPES = YES;
				CLANG_WARN_SUSPICIOUS_MOVE = YES;
				CLANG_WARN_UNGUARDED_AVAILABILITY = YES_AGGRESSIVE;
				CLANG_WARN_UNREACHABLE_CODE = YES;
				CLANG_WARN__DUPLICATE_METHOD_MATCH = YES;
				CODE_SIGN_IDENTITY = "iPhone Developer";
				COPY_PHASE_STRIP = NO;
				DEBUG_INFORMATION_FORMAT = "dwarf-with-dsym";
				ENABLE_NS_ASSERTIONS = NO;
				ENABLE_STRICT_OBJC_MSGSEND = YES;
				GCC_C_LANGUAGE_STANDARD = gnu11;
				GCC_NO_COMMON_BLOCKS = YES;
				GCC_WARN_64_TO_32_BIT_CONVERSION = YES;
				GCC_WARN_ABOUT_RETURN_TYPE = YES_ERROR;
				GCC_WARN_UNDECLARED_SELECTOR = YES;
				GCC_WARN_UNINITIALIZED_AUTOS = YES_AGGRESSIVE;
				GCC_WARN_UNUSED_FUNCTION = YES;
				GCC_WARN_UNUSED_VARIABLE = YES;
				IPHONEOS_DEPLOYMENT_TARGET = 12.1;
				MTL_ENABLE_DEBUG_INFO = NO;
				MTL_FAST_MATH = YES;
				SDKROOT = iphoneos;
				SWIFT_COMPILATION_MODE = wholemodule;
				SWIFT_OPTIMIZATION_LEVEL = "-O";
				VALIDATE_PRODUCT = YES;
			};
			name = Release;
		};
		3F6940E8219586FB00750526 /* Debug */ = {
			isa = XCBuildConfiguration;
			buildSettings = {
				ASSETCATALOG_COMPILER_APPICON_NAME = AppIcon;
				CODE_SIGN_STYLE = Automatic;
				INFOPLIST_FILE = JSON/Info.plist;
				LD_RUNPATH_SEARCH_PATHS = (
					"$(inherited)",
					"@executable_path/Frameworks",
				);
				PRODUCT_BUNDLE_IDENTIFIER = ru.ithub.JSON;
				PRODUCT_NAME = "$(TARGET_NAME)";
				SWIFT_VERSION = 4.2;
				TARGETED_DEVICE_FAMILY = "1,2";
			};
			name = Debug;
		};
		3F6940E9219586FB00750526 /* Release */ = {
			isa = XCBuildConfiguration;
			buildSettings = {
				ASSETCATALOG_COMPILER_APPICON_NAME = AppIcon;
				CODE_SIGN_STYLE = Automatic;
				INFOPLIST_FILE = JSON/Info.plist;
				LD_RUNPATH_SEARCH_PATHS = (
					"$(inherited)",
					"@executable_path/Frameworks",
				);
				PRODUCT_BUNDLE_IDENTIFIER = ru.ithub.JSON;
				PRODUCT_NAME = "$(TARGET_NAME)";
				SWIFT_VERSION = 4.2;
				TARGETED_DEVICE_FAMILY = "1,2";
			};
			name = Release;
		};
		3F6940EB219586FB00750526 /* Debug */ = {
			isa = XCBuildConfiguration;
			buildSettings = {
				ALWAYS_EMBED_SWIFT_STANDARD_LIBRARIES = YES;
				BUNDLE_LOADER = "$(TEST_HOST)";
				CODE_SIGN_STYLE = Automatic;
				INFOPLIST_FILE = JSONTests/Info.plist;
				LD_RUNPATH_SEARCH_PATHS = (
					"$(inherited)",
					"@executable_path/Frameworks",
					"@loader_path/Frameworks",
				);
				PRODUCT_BUNDLE_IDENTIFIER = ru.ithub.JSONTests;
				PRODUCT_NAME = "$(TARGET_NAME)";
				SWIFT_VERSION = 4.2;
				TARGETED_DEVICE_FAMILY = "1,2";
				TEST_HOST = "$(BUILT_PRODUCTS_DIR)/JSON.app/JSON";
			};
			name = Debug;
		};
		3F6940EC219586FB00750526 /* Release */ = {
			isa = XCBuildConfiguration;
			buildSettings = {
				ALWAYS_EMBED_SWIFT_STANDARD_LIBRARIES = YES;
				BUNDLE_LOADER = "$(TEST_HOST)";
				CODE_SIGN_STYLE = Automatic;
				INFOPLIST_FILE = JSONTests/Info.plist;
				LD_RUNPATH_SEARCH_PATHS = (
					"$(inherited)",
					"@executable_path/Frameworks",
					"@loader_path/Frameworks",
				);
				PRODUCT_BUNDLE_IDENTIFIER = ru.ithub.JSONTests;
				PRODUCT_NAME = "$(TARGET_NAME)";
				SWIFT_VERSION = 4.2;
				TARGETED_DEVICE_FAMILY = "1,2";
				TEST_HOST = "$(BUILT_PRODUCTS_DIR)/JSON.app/JSON";
			};
			name = Release;
		};
		3F6940EE219586FB00750526 /* Debug */ = {
			isa = XCBuildConfiguration;
			buildSettings = {
				ALWAYS_EMBED_SWIFT_STANDARD_LIBRARIES = YES;
				CODE_SIGN_STYLE = Automatic;
				INFOPLIST_FILE = JSONUITests/Info.plist;
				LD_RUNPATH_SEARCH_PATHS = (
					"$(inherited)",
					"@executable_path/Frameworks",
					"@loader_path/Frameworks",
				);
				PRODUCT_BUNDLE_IDENTIFIER = ru.ithub.JSONUITests;
				PRODUCT_NAME = "$(TARGET_NAME)";
				SWIFT_VERSION = 4.2;
				TARGETED_DEVICE_FAMILY = "1,2";
				TEST_TARGET_NAME = JSON;
			};
			name = Debug;
		};
		3F6940EF219586FB00750526 /* Release */ = {
			isa = XCBuildConfiguration;
			buildSettings = {
				ALWAYS_EMBED_SWIFT_STANDARD_LIBRARIES = YES;
				CODE_SIGN_STYLE = Automatic;
				INFOPLIST_FILE = JSONUITests/Info.plist;
				LD_RUNPATH_SEARCH_PATHS = (
					"$(inherited)",
					"@executable_path/Frameworks",
					"@loader_path/Frameworks",
				);
				PRODUCT_BUNDLE_IDENTIFIER = ru.ithub.JSONUITests;
				PRODUCT_NAME = "$(TARGET_NAME)";
				SWIFT_VERSION = 4.2;
				TARGETED_DEVICE_FAMILY = "1,2";
				TEST_TARGET_NAME = JSON;
			};
			name = Release;
		};
/* End XCBuildConfiguration section */

/* Begin XCConfigurationList section */
		3F6940BA219586F800750526 /* Build configuration list for PBXProject "JSON" */ = {
			isa = XCConfigurationList;
			buildConfigurations = (
				3F6940E5219586FB00750526 /* Debug */,
				3F6940E6219586FB00750526 /* Release */,
			);
			defaultConfigurationIsVisible = 0;
			defaultConfigurationName = Release;
		};
		3F6940E7219586FB00750526 /* Build configuration list for PBXNativeTarget "JSON" */ = {
			isa = XCConfigurationList;
			buildConfigurations = (
				3F6940E8219586FB00750526 /* Debug */,
				3F6940E9219586FB00750526 /* Release */,
			);
			defaultConfigurationIsVisible = 0;
			defaultConfigurationName = Release;
		};
		3F6940EA219586FB00750526 /* Build configuration list for PBXNativeTarget "JSONTests" */ = {
			isa = XCConfigurationList;
			buildConfigurations = (
				3F6940EB219586FB00750526 /* Debug */,
				3F6940EC219586FB00750526 /* Release */,
			);
			defaultConfigurationIsVisible = 0;
			defaultConfigurationName = Release;
		};
		3F6940ED219586FB00750526 /* Build configuration list for PBXNativeTarget "JSONUITests" */ = {
			isa = XCConfigurationList;
			buildConfigurations = (
				3F6940EE219586FB00750526 /* Debug */,
				3F6940EF219586FB00750526 /* Release */,
			);
			defaultConfigurationIsVisible = 0;
			defaultConfigurationName = Release;
		};
/* End XCConfigurationList section */
	};
	rootObject = 3F6940B7219586F800750526 /* Project object */;
}
